
Microsoft Visual Studio Solution File, Format Version 12.00
# Visual Studio 2012
Project("{FAE04EC0-301F-11D3-BF4B-00C04F79EFBC}") = "AJ.DMES.PackageWorkstation.UI.Wpf", "AJ.DMES.PackageWorkstation.UI.Wpf\AJ.DMES.PackageWorkstation.UI.Wpf.csproj", "{A2959E96-487C-4E58-8073-BE48BED8655D}"
EndProject
Global
	GlobalSection(SolutionConfigurationPlatforms) = preSolution
		Debug|Any CPU = Debug|Any CPU
		Release|Any CPU = Release|Any CPU
	EndGlobalSection
	GlobalSection(ProjectConfigurationPlatforms) = postSolution
		{A2959E96-487C-4E58-8073-BE48BED8655D}.Debug|Any CPU.ActiveCfg = Debug|Any CPU
		{A2959E96-487C-4E58-8073-BE48BED8655D}.Debug|Any CPU.Build.0 = Debug|Any CPU
		{A2959E96-487C-4E58-8073-BE48BED8655D}.Release|Any CPU.ActiveCfg = Release|Any CPU
		{A2959E96-487C-4E58-8073-BE48BED8655D}.Release|Any CPU.Build.0 = Release|Any CPU
	EndGlobalSection
	GlobalSection(SolutionProperties) = preSolution
		HideSolutionNode = FALSE
	EndGlobalSection
EndGlobal
